
Microsoft Visual Studio Solution File, Format Version 12.00
# Visual Studio Version 17
VisualStudioVersion = 17.13.35919.96
MinimumVisualStudioVersion = 10.0.40219.1
Project("{FAE04EC0-301F-11D3-BF4B-00C04F79EFBC}") = "PrasTest.Api", "PrasTest.Api\PrasTest.Api.csproj", "{D7BC2670-5209-4BD6-8F1D-536ABA247444}"
EndProject
Project("{FAE04EC0-301F-11D3-BF4B-00C04F79EFBC}") = "PrasTest.Domain", "PrasTest.Domain\PrasTest.Domain.csproj", "{12946EE0-B04E-4482-9B5D-70293099BED4}"
EndProject
Project("{FAE04EC0-301F-11D3-BF4B-00C04F79EFBC}") = "PrasTest.DataAccess", "PrasTest.DataAccess\PrasTest.DataAccess.csproj", "{59C0E77D-F5E9-421A-B175-CB8F692CF562}"
EndProject
Project("{FAE04EC0-301F-11D3-BF4B-00C04F79EFBC}") = "PrasTest.Services", "PrasTest.Services\PrasTest.Services.csproj", "{B35F7BD7-39E9-4074-878B-B209AFB04697}"
EndProject
Global
	GlobalSection(SolutionConfigurationPlatforms) = preSolution
		Debug|Any CPU = Debug|Any CPU
		Debug|x64 = Debug|x64
		Debug|x86 = Debug|x86
		Release|Any CPU = Release|Any CPU
		Release|x64 = Release|x64
		Release|x86 = Release|x86
	EndGlobalSection
	GlobalSection(ProjectConfigurationPlatforms) = postSolution
		{D7BC2670-5209-4BD6-8F1D-536ABA247444}.Debug|Any CPU.ActiveCfg = Debug|Any CPU
		{D7BC2670-5209-4BD6-8F1D-536ABA247444}.Debug|Any CPU.Build.0 = Debug|Any CPU
		{D7BC2670-5209-4BD6-8F1D-536ABA247444}.Debug|x64.ActiveCfg = Debug|Any CPU
		{D7BC2670-5209-4BD6-8F1D-536ABA247444}.Debug|x64.Build.0 = Debug|Any CPU
		{D7BC2670-5209-4BD6-8F1D-536ABA247444}.Debug|x86.ActiveCfg = Debug|Any CPU
		{D7BC2670-5209-4BD6-8F1D-536ABA247444}.Debug|x86.Build.0 = Debug|Any CPU
		{D7BC2670-5209-4BD6-8F1D-536ABA247444}.Release|Any CPU.ActiveCfg = Release|Any CPU
		{D7BC2670-5209-4BD6-8F1D-536ABA247444}.Release|Any CPU.Build.0 = Release|Any CPU
		{D7BC2670-5209-4BD6-8F1D-536ABA247444}.Release|x64.ActiveCfg = Release|Any CPU
		{D7BC2670-5209-4BD6-8F1D-536ABA247444}.Release|x64.Build.0 = Release|Any CPU
		{D7BC2670-5209-4BD6-8F1D-536ABA247444}.Release|x86.ActiveCfg = Release|Any CPU
		{D7BC2670-5209-4BD6-8F1D-536ABA247444}.Release|x86.Build.0 = Release|Any CPU
		{12946EE0-B04E-4482-9B5D-70293099BED4}.Debug|Any CPU.ActiveCfg = Debug|Any CPU
		{12946EE0-B04E-4482-9B5D-70293099BED4}.Debug|Any CPU.Build.0 = Debug|Any CPU
		{12946EE0-B04E-4482-9B5D-70293099BED4}.Debug|x64.ActiveCfg = Debug|Any CPU
		{12946EE0-B04E-4482-9B5D-70293099BED4}.Debug|x64.Build.0 = Debug|Any CPU
		{12946EE0-B04E-4482-9B5D-70293099BED4}.Debug|x86.ActiveCfg = Debug|Any CPU
		{12946EE0-B04E-4482-9B5D-70293099BED4}.Debug|x86.Build.0 = Debug|Any CPU
		{12946EE0-B04E-4482-9B5D-70293099BED4}.Release|Any CPU.ActiveCfg = Release|Any CPU
		{12946EE0-B04E-4482-9B5D-70293099BED4}.Release|Any CPU.Build.0 = Release|Any CPU
		{12946EE0-B04E-4482-9B5D-70293099BED4}.Release|x64.ActiveCfg = Release|Any CPU
		{12946EE0-B04E-4482-9B5D-70293099BED4}.Release|x64.Build.0 = Release|Any CPU
		{12946EE0-B04E-4482-9B5D-70293099BED4}.Release|x86.ActiveCfg = Release|Any CPU
		{12946EE0-B04E-4482-9B5D-70293099BED4}.Release|x86.Build.0 = Release|Any CPU
		{59C0E77D-F5E9-421A-B175-CB8F692CF562}.Debug|Any CPU.ActiveCfg = Debug|Any CPU
		{59C0E77D-F5E9-421A-B175-CB8F692CF562}.Debug|Any CPU.Build.0 = Debug|Any CPU
		{59C0E77D-F5E9-421A-B175-CB8F692CF562}.Debug|x64.ActiveCfg = Debug|Any CPU
		{59C0E77D-F5E9-421A-B175-CB8F692CF562}.Debug|x64.Build.0 = Debug|Any CPU
		{59C0E77D-F5E9-421A-B175-CB8F692CF562}.Debug|x86.ActiveCfg = Debug|Any CPU
		{59C0E77D-F5E9-421A-B175-CB8F692CF562}.Debug|x86.Build.0 = Debug|Any CPU
		{59C0E77D-F5E9-421A-B175-CB8F692CF562}.Release|Any CPU.ActiveCfg = Release|Any CPU
		{59C0E77D-F5E9-421A-B175-CB8F692CF562}.Release|Any CPU.Build.0 = Release|Any CPU
		{59C0E77D-F5E9-421A-B175-CB8F692CF562}.Release|x64.ActiveCfg = Release|Any CPU
		{59C0E77D-F5E9-421A-B175-CB8F692CF562}.Release|x64.Build.0 = Release|Any CPU
		{59C0E77D-F5E9-421A-B175-CB8F692CF562}.Release|x86.ActiveCfg = Release|Any CPU
		{59C0E77D-F5E9-421A-B175-CB8F692CF562}.Release|x86.Build.0 = Release|Any CPU
		{B35F7BD7-39E9-4074-878B-B209AFB04697}.Debug|Any CPU.ActiveCfg = Debug|Any CPU
		{B35F7BD7-39E9-4074-878B-B209AFB04697}.Debug|Any CPU.Build.0 = Debug|Any CPU
		{B35F7BD7-39E9-4074-878B-B209AFB04697}.Debug|x64.ActiveCfg = Debug|Any CPU
		{B35F7BD7-39E9-4074-878B-B209AFB04697}.Debug|x64.Build.0 = Debug|Any CPU
		{B35F7BD7-39E9-4074-878B-B209AFB04697}.Debug|x86.ActiveCfg = Debug|Any CPU
		{B35F7BD7-39E9-4074-878B-B209AFB04697}.Debug|x86.Build.0 = Debug|Any CPU
		{B35F7BD7-39E9-4074-878B-B209AFB04697}.Release|Any CPU.ActiveCfg = Release|Any CPU
		{B35F7BD7-39E9-4074-878B-B209AFB04697}.Release|Any CPU.Build.0 = Release|Any CPU
		{B35F7BD7-39E9-4074-878B-B209AFB04697}.Release|x64.ActiveCfg = Release|Any CPU
		{B35F7BD7-39E9-4074-878B-B209AFB04697}.Release|x64.Build.0 = Release|Any CPU
		{B35F7BD7-39E9-4074-878B-B209AFB04697}.Release|x86.ActiveCfg = Release|Any CPU
		{B35F7BD7-39E9-4074-878B-B209AFB04697}.Release|x86.Build.0 = Release|Any CPU
	EndGlobalSection
	GlobalSection(SolutionProperties) = preSolution
		HideSolutionNode = FALSE
	EndGlobalSection
	GlobalSection(ExtensibilityGlobals) = postSolution
		SolutionGuid = {19C9557D-D525-4D98-B7E5-18986E6333D4}
	EndGlobalSection
EndGlobal
